Microsoft Visual Studio Solution File, Format Version 11.00
# Visual Studio 2008

Project("{05BA9E9A-DB69-56B8-4676-9F764A0343A8}") = "UND-Capstone-Game-2014-2015", "Assembly-CSharp.csproj", "{B81DF3F9-34E6-B5B3-0A81-FE7C325E6B1B}"
EndProject
Global
	GlobalSection(SolutionConfigurationPlatforms) = preSolution
		Debug|Any CPU = Debug|Any CPU
		Release|Any CPU = Release|Any CPU
	EndGlobalSection
	GlobalSection(ProjectConfigurationPlatforms) = postSolution
		{B81DF3F9-34E6-B5B3-0A81-FE7C325E6B1B}.Debug|Any CPU.ActiveCfg = Debug|Any CPU
		{B81DF3F9-34E6-B5B3-0A81-FE7C325E6B1B}.Debug|Any CPU.Build.0 = Debug|Any CPU
		{B81DF3F9-34E6-B5B3-0A81-FE7C325E6B1B}.Release|Any CPU.ActiveCfg = Release|Any CPU
		{B81DF3F9-34E6-B5B3-0A81-FE7C325E6B1B}.Release|Any CPU.Build.0 = Release|Any CPU
	EndGlobalSection
	GlobalSection(SolutionProperties) = preSolution
		HideSolutionNode = FALSE
	EndGlobalSection
																																																	GlobalSection(MonoDevelopProperties) = preSolution
																																								GlobalSection(MonoDevelopProperties) = preSolution
		StartupItem = Assembly-CSharp.csproj
		Policies = $0
		$0.TextStylePolicy = $1
		$1.inheritsSet = null
		$1.scope = text/x-csharp
		$0.CSharpFormattingPolicy = $2
		$2.inheritsSet = Mono
		$2.inheritsScope = text/x-csharp
		$2.scope = text/x-csharp
		$0.TextStylePolicy = $3
		$3.FileWidth = 120
		$3.TabWidth = 4
		$3.EolMarker = Unix
		$3.inheritsSet = Mono
		$3.inheritsScope = text/plain
		$3.scope = text/plain
	EndGlobalSection

EndGlobal
